
Microsoft Visual Studio Solution File, Format Version 12.00
# Visual Studio 15
VisualStudioVersion = 15.0.26730.12
MinimumVisualStudioVersion = 10.0.40219.1
Project("{9A19103F-16F7-4668-BE54-9A1E7A4F7556}") = "TinyInsights", "TinyInsights\TinyInsights.csproj", "{90759FEA-89BF-450C-9482-F28F8B1A4C60}"
EndProject
Project("{9A19103F-16F7-4668-BE54-9A1E7A4F7556}") = "TinyInsights.AppCenter", "TinyInsights.AppCenter\TinyInsights.AppCenter.csproj", "{6DE2817F-D4F5-4351-BD18-EAB43806DAAF}"
EndProject
Project("{9A19103F-16F7-4668-BE54-9A1E7A4F7556}") = "TinyInsights.GoogleAnalytics", "TinyInsights.GoogleAnalytics\TinyInsights.GoogleAnalytics.csproj", "{D1245135-EA42-4A64-861A-C35B383C6F05}"
EndProject
Project("{2150E333-8FDC-42A3-9474-1A3956D46DE8}") = "Test", "Test", "{93EBF8A0-864F-47C4-AEF8-4085C5665BB0}"
EndProject
Project("{FAE04EC0-301F-11D3-BF4B-00C04F79EFBC}") = "TinyInsights.TestApp.Android", "TinyInsights.TestApp\TinyInsights.TestApp.Android\TinyInsights.TestApp.Android.csproj", "{B55CBC9B-1EDD-4D80-84BE-941C501EC61B}"
EndProject
Project("{FAE04EC0-301F-11D3-BF4B-00C04F79EFBC}") = "TinyInsights.TestApp.iOS", "TinyInsights.TestApp\TinyInsights.TestApp.iOS\TinyInsights.TestApp.iOS.csproj", "{8E2A99B9-4EDB-4A38-BDD8-4F9733DB8065}"
EndProject
Project("{FAE04EC0-301F-11D3-BF4B-00C04F79EFBC}") = "TinyInsights.TestApp.UWP", "TinyInsights.TestApp\TinyInsights.TestApp.UWP\TinyInsights.TestApp.UWP.csproj", "{0533D9A3-EAAD-4F16-81C6-6B011B57466E}"
EndProject
Project("{D954291E-2A0B-460D-934E-DC6B0785DB48}") = "TinyInsights.TestApp", "TinyInsights.TestApp\TinyInsights.TestApp\TinyInsights.TestApp.shproj", "{C56CDAD5-5BB6-41E4-8D72-F4AD530CC86D}"
EndProject
Project("{FAE04EC0-301F-11D3-BF4B-00C04F79EFBC}") = "TinyInsights.ApplicationInsights", "TinyInsights.ApplicationInsights\TinyInsights.ApplicationInsights.csproj", "{5710F2DF-0F90-433D-A24B-BDAA819ABFDB}"
EndProject
Global
	GlobalSection(SharedMSBuildProjectFiles) = preSolution
		TinyInsights.TestApp\TinyInsights.TestApp\TinyInsights.TestApp.projitems*{0533d9a3-eaad-4f16-81c6-6b011b57466e}*SharedItemsImports = 4
		TinyInsights.TestApp\TinyInsights.TestApp\TinyInsights.TestApp.projitems*{8e2a99b9-4edb-4a38-bdd8-4f9733db8065}*SharedItemsImports = 4
		TinyInsights.TestApp\TinyInsights.TestApp\TinyInsights.TestApp.projitems*{b55cbc9b-1edd-4d80-84be-941c501ec61b}*SharedItemsImports = 4
		TinyInsights.TestApp\TinyInsights.TestApp\TinyInsights.TestApp.projitems*{c56cdad5-5bb6-41e4-8d72-f4ad530cc86d}*SharedItemsImports = 13
	EndGlobalSection
	GlobalSection(SolutionConfigurationPlatforms) = preSolution
		Ad-Hoc|Any CPU = Ad-Hoc|Any CPU
		Ad-Hoc|ARM = Ad-Hoc|ARM
		Ad-Hoc|iPhone = Ad-Hoc|iPhone
		Ad-Hoc|iPhoneSimulator = Ad-Hoc|iPhoneSimulator
		Ad-Hoc|x64 = Ad-Hoc|x64
		Ad-Hoc|x86 = Ad-Hoc|x86
		AppStore|Any CPU = AppStore|Any CPU
		AppStore|ARM = AppStore|ARM
		AppStore|iPhone = AppStore|iPhone
		AppStore|iPhoneSimulator = AppStore|iPhoneSimulator
		AppStore|x64 = AppStore|x64
		AppStore|x86 = AppStore|x86
		Debug|Any CPU = Debug|Any CPU
		Debug|ARM = Debug|ARM
		Debug|iPhone = Debug|iPhone
		Debug|iPhoneSimulator = Debug|iPhoneSimulator
		Debug|x64 = Debug|x64
		Debug|x86 = Debug|x86
		Release|Any CPU = Release|Any CPU
		Release|ARM = Release|ARM
		Release|iPhone = Release|iPhone
		Release|iPhoneSimulator = Release|iPhoneSimulator
		Release|x64 = Release|x64
		Release|x86 = Release|x86
	EndGlobalSection
	GlobalSection(ProjectConfigurationPlatforms) = postSolution
		{90759FEA-89BF-450C-9482-F28F8B1A4C60}.Ad-Hoc|Any CPU.ActiveCfg = Release|Any CPU
		{90759FEA-89BF-450C-9482-F28F8B1A4C60}.Ad-Hoc|Any CPU.Build.0 = Release|Any CPU
		{90759FEA-89BF-450C-9482-F28F8B1A4C60}.Ad-Hoc|ARM.ActiveCfg = Release|Any CPU
		{90759FEA-89BF-450C-9482-F28F8B1A4C60}.Ad-Hoc|ARM.Build.0 = Release|Any CPU
		{90759FEA-89BF-450C-9482-F28F8B1A4C60}.Ad-Hoc|iPhone.ActiveCfg = Release|Any CPU
		{90759FEA-89BF-450C-9482-F28F8B1A4C60}.Ad-Hoc|iPhone.Build.0 = Release|Any CPU
		{90759FEA-89BF-450C-9482-F28F8B1A4C60}.Ad-Hoc|iPhoneSimulator.ActiveCfg = Release|Any CPU
		{90759FEA-89BF-450C-9482-F28F8B1A4C60}.Ad-Hoc|iPhoneSimulator.Build.0 = Release|Any CPU
		{90759FEA-89BF-450C-9482-F28F8B1A4C60}.Ad-Hoc|x64.ActiveCfg = Release|Any CPU
		{90759FEA-89BF-450C-9482-F28F8B1A4C60}.Ad-Hoc|x64.Build.0 = Release|Any CPU
		{90759FEA-89BF-450C-9482-F28F8B1A4C60}.Ad-Hoc|x86.ActiveCfg = Release|Any CPU
		{90759FEA-89BF-450C-9482-F28F8B1A4C60}.Ad-Hoc|x86.Build.0 = Release|Any CPU
		{90759FEA-89BF-450C-9482-F28F8B1A4C60}.AppStore|Any CPU.ActiveCfg = Release|Any CPU
		{90759FEA-89BF-450C-9482-F28F8B1A4C60}.AppStore|Any CPU.Build.0 = Release|Any CPU
		{90759FEA-89BF-450C-9482-F28F8B1A4C60}.AppStore|ARM.ActiveCfg = Release|Any CPU
		{90759FEA-89BF-450C-9482-F28F8B1A4C60}.AppStore|ARM.Build.0 = Release|Any CPU
		{90759FEA-89BF-450C-9482-F28F8B1A4C60}.AppStore|iPhone.ActiveCfg = Release|Any CPU
		{90759FEA-89BF-450C-9482-F28F8B1A4C60}.AppStore|iPhone.Build.0 = Release|Any CPU
		{90759FEA-89BF-450C-9482-F28F8B1A4C60}.AppStore|iPhoneSimulator.ActiveCfg = Release|Any CPU
		{90759FEA-89BF-450C-9482-F28F8B1A4C60}.AppStore|iPhoneSimulator.Build.0 = Release|Any CPU
		{90759FEA-89BF-450C-9482-F28F8B1A4C60}.AppStore|x64.ActiveCfg = Release|Any CPU
		{90759FEA-89BF-450C-9482-F28F8B1A4C60}.AppStore|x64.Build.0 = Release|Any CPU
		{90759FEA-89BF-450C-9482-F28F8B1A4C60}.AppStore|x86.ActiveCfg = Release|Any CPU
		{90759FEA-89BF-450C-9482-F28F8B1A4C60}.AppStore|x86.Build.0 = Release|Any CPU
		{90759FEA-89BF-450C-9482-F28F8B1A4C60}.Debug|Any CPU.ActiveCfg = Debug|Any CPU
		{90759FEA-89BF-450C-9482-F28F8B1A4C60}.Debug|Any CPU.Build.0 = Debug|Any CPU
		{90759FEA-89BF-450C-9482-F28F8B1A4C60}.Debug|ARM.ActiveCfg = Debug|Any CPU
		{90759FEA-89BF-450C-9482-F28F8B1A4C60}.Debug|ARM.Build.0 = Debug|Any CPU
		{90759FEA-89BF-450C-9482-F28F8B1A4C60}.Debug|iPhone.ActiveCfg = Debug|Any CPU
		{90759FEA-89BF-450C-9482-F28F8B1A4C60}.Debug|iPhone.Build.0 = Debug|Any CPU
		{90759FEA-89BF-450C-9482-F28F8B1A4C60}.Debug|iPhoneSimulator.ActiveCfg = Debug|Any CPU
		{90759FEA-89BF-450C-9482-F28F8B1A4C60}.Debug|iPhoneSimulator.Build.0 = Debug|Any CPU
		{90759FEA-89BF-450C-9482-F28F8B1A4C60}.Debug|x64.ActiveCfg = Debug|Any CPU
		{90759FEA-89BF-450C-9482-F28F8B1A4C60}.Debug|x64.Build.0 = Debug|Any CPU
		{90759FEA-89BF-450C-9482-F28F8B1A4C60}.Debug|x86.ActiveCfg = Debug|Any CPU
		{90759FEA-89BF-450C-9482-F28F8B1A4C60}.Debug|x86.Build.0 = Debug|Any CPU
		{90759FEA-89BF-450C-9482-F28F8B1A4C60}.Release|Any CPU.ActiveCfg = Release|Any CPU
		{90759FEA-89BF-450C-9482-F28F8B1A4C60}.Release|Any CPU.Build.0 = Release|Any CPU
		{90759FEA-89BF-450C-9482-F28F8B1A4C60}.Release|ARM.ActiveCfg = Release|Any CPU
		{90759FEA-89BF-450C-9482-F28F8B1A4C60}.Release|ARM.Build.0 = Release|Any CPU
		{90759FEA-89BF-450C-9482-F28F8B1A4C60}.Release|iPhone.ActiveCfg = Release|Any CPU
		{90759FEA-89BF-450C-9482-F28F8B1A4C60}.Release|iPhone.Build.0 = Release|Any CPU
		{90759FEA-89BF-450C-9482-F28F8B1A4C60}.Release|iPhoneSimulator.ActiveCfg = Release|Any CPU
		{90759FEA-89BF-450C-9482-F28F8B1A4C60}.Release|iPhoneSimulator.Build.0 = Release|Any CPU
		{90759FEA-89BF-450C-9482-F28F8B1A4C60}.Release|x64.ActiveCfg = Release|Any CPU
		{90759FEA-89BF-450C-9482-F28F8B1A4C60}.Release|x64.Build.0 = Release|Any CPU
		{90759FEA-89BF-450C-9482-F28F8B1A4C60}.Release|x86.ActiveCfg = Release|Any CPU
		{90759FEA-89BF-450C-9482-F28F8B1A4C60}.Release|x86.Build.0 = Release|Any CPU
		{6DE2817F-D4F5-4351-BD18-EAB43806DAAF}.Ad-Hoc|Any CPU.ActiveCfg = Release|Any CPU
		{6DE2817F-D4F5-4351-BD18-EAB43806DAAF}.Ad-Hoc|Any CPU.Build.0 = Release|Any CPU
		{6DE2817F-D4F5-4351-BD18-EAB43806DAAF}.Ad-Hoc|ARM.ActiveCfg = Release|Any CPU
		{6DE2817F-D4F5-4351-BD18-EAB43806DAAF}.Ad-Hoc|ARM.Build.0 = Release|Any CPU
		{6DE2817F-D4F5-4351-BD18-EAB43806DAAF}.Ad-Hoc|iPhone.ActiveCfg = Release|Any CPU
		{6DE2817F-D4F5-4351-BD18-EAB43806DAAF}.Ad-Hoc|iPhone.Build.0 = Release|Any CPU
		{6DE2817F-D4F5-4351-BD18-EAB43806DAAF}.Ad-Hoc|iPhoneSimulator.ActiveCfg = Release|Any CPU
		{6DE2817F-D4F5-4351-BD18-EAB43806DAAF}.Ad-Hoc|iPhoneSimulator.Build.0 = Release|Any CPU
		{6DE2817F-D4F5-4351-BD18-EAB43806DAAF}.Ad-Hoc|x64.ActiveCfg = Release|Any CPU
		{6DE2817F-D4F5-4351-BD18-EAB43806DAAF}.Ad-Hoc|x64.Build.0 = Release|Any CPU
		{6DE2817F-D4F5-4351-BD18-EAB43806DAAF}.Ad-Hoc|x86.ActiveCfg = Release|Any CPU
		{6DE2817F-D4F5-4351-BD18-EAB43806DAAF}.Ad-Hoc|x86.Build.0 = Release|Any CPU
		{6DE2817F-D4F5-4351-BD18-EAB43806DAAF}.AppStore|Any CPU.ActiveCfg = Release|Any CPU
		{6DE2817F-D4F5-4351-BD18-EAB43806DAAF}.AppStore|Any CPU.Build.0 = Release|Any CPU
		{6DE2817F-D4F5-4351-BD18-EAB43806DAAF}.AppStore|ARM.ActiveCfg = Release|Any CPU
		{6DE2817F-D4F5-4351-BD18-EAB43806DAAF}.AppStore|ARM.Build.0 = Release|Any CPU
		{6DE2817F-D4F5-4351-BD18-EAB43806DAAF}.AppStore|iPhone.ActiveCfg = Release|Any CPU
		{6DE2817F-D4F5-4351-BD18-EAB43806DAAF}.AppStore|iPhone.Build.0 = Release|Any CPU
		{6DE2817F-D4F5-4351-BD18-EAB43806DAAF}.AppStore|iPhoneSimulator.ActiveCfg = Release|Any CPU
		{6DE2817F-D4F5-4351-BD18-EAB43806DAAF}.AppStore|iPhoneSimulator.Build.0 = Release|Any CPU
		{6DE2817F-D4F5-4351-BD18-EAB43806DAAF}.AppStore|x64.ActiveCfg = Release|Any CPU
		{6DE2817F-D4F5-4351-BD18-EAB43806DAAF}.AppStore|x64.Build.0 = Release|Any CPU
		{6DE2817F-D4F5-4351-BD18-EAB43806DAAF}.AppStore|x86.ActiveCfg = Release|Any CPU
		{6DE2817F-D4F5-4351-BD18-EAB43806DAAF}.AppStore|x86.Build.0 = Release|Any CPU
		{6DE2817F-D4F5-4351-BD18-EAB43806DAAF}.Debug|Any CPU.ActiveCfg = Debug|Any CPU
		{6DE2817F-D4F5-4351-BD18-EAB43806DAAF}.Debug|Any CPU.Build.0 = Debug|Any CPU
		{6DE2817F-D4F5-4351-BD18-EAB43806DAAF}.Debug|ARM.ActiveCfg = Debug|Any CPU
		{6DE2817F-D4F5-4351-BD18-EAB43806DAAF}.Debug|ARM.Build.0 = Debug|Any CPU
		{6DE2817F-D4F5-4351-BD18-EAB43806DAAF}.Debug|iPhone.ActiveCfg = Debug|Any CPU
		{6DE2817F-D4F5-4351-BD18-EAB43806DAAF}.Debug|iPhone.Build.0 = Debug|Any CPU
		{6DE2817F-D4F5-4351-BD18-EAB43806DAAF}.Debug|iPhoneSimulator.ActiveCfg = Debug|Any CPU
		{6DE2817F-D4F5-4351-BD18-EAB43806DAAF}.Debug|iPhoneSimulator.Build.0 = Debug|Any CPU
		{6DE2817F-D4F5-4351-BD18-EAB43806DAAF}.Debug|x64.ActiveCfg = Debug|Any CPU
		{6DE2817F-D4F5-4351-BD18-EAB43806DAAF}.Debug|x64.Build.0 = Debug|Any CPU
		{6DE2817F-D4F5-4351-BD18-EAB43806DAAF}.Debug|x86.ActiveCfg = Debug|Any CPU
		{6DE2817F-D4F5-4351-BD18-EAB43806DAAF}.Debug|x86.Build.0 = Debug|Any CPU
		{6DE2817F-D4F5-4351-BD18-EAB43806DAAF}.Release|Any CPU.ActiveCfg = Release|Any CPU
		{6DE2817F-D4F5-4351-BD18-EAB43806DAAF}.Release|Any CPU.Build.0 = Release|Any CPU
		{6DE2817F-D4F5-4351-BD18-EAB43806DAAF}.Release|ARM.ActiveCfg = Release|Any CPU
		{6DE2817F-D4F5-4351-BD18-EAB43806DAAF}.Release|ARM.Build.0 = Release|Any CPU
		{6DE2817F-D4F5-4351-BD18-EAB43806DAAF}.Release|iPhone.ActiveCfg = Release|Any CPU
		{6DE2817F-D4F5-4351-BD18-EAB43806DAAF}.Release|iPhone.Build.0 = Release|Any CPU
		{6DE2817F-D4F5-4351-BD18-EAB43806DAAF}.Release|iPhoneSimulator.ActiveCfg = Release|Any CPU
		{6DE2817F-D4F5-4351-BD18-EAB43806DAAF}.Release|iPhoneSimulator.Build.0 = Release|Any CPU
		{6DE2817F-D4F5-4351-BD18-EAB43806DAAF}.Release|x64.ActiveCfg = Release|Any CPU
		{6DE2817F-D4F5-4351-BD18-EAB43806DAAF}.Release|x64.Build.0 = Release|Any CPU
		{6DE2817F-D4F5-4351-BD18-EAB43806DAAF}.Release|x86.ActiveCfg = Release|Any CPU
		{6DE2817F-D4F5-4351-BD18-EAB43806DAAF}.Release|x86.Build.0 = Release|Any CPU
		{D1245135-EA42-4A64-861A-C35B383C6F05}.Ad-Hoc|Any CPU.ActiveCfg = Release|Any CPU
		{D1245135-EA42-4A64-861A-C35B383C6F05}.Ad-Hoc|Any CPU.Build.0 = Release|Any CPU
		{D1245135-EA42-4A64-861A-C35B383C6F05}.Ad-Hoc|ARM.ActiveCfg = Release|Any CPU
		{D1245135-EA42-4A64-861A-C35B383C6F05}.Ad-Hoc|ARM.Build.0 = Release|Any CPU
		{D1245135-EA42-4A64-861A-C35B383C6F05}.Ad-Hoc|iPhone.ActiveCfg = Release|Any CPU
		{D1245135-EA42-4A64-861A-C35B383C6F05}.Ad-Hoc|iPhone.Build.0 = Release|Any CPU
		{D1245135-EA42-4A64-861A-C35B383C6F05}.Ad-Hoc|iPhoneSimulator.ActiveCfg = Release|Any CPU
		{D1245135-EA42-4A64-861A-C35B383C6F05}.Ad-Hoc|iPhoneSimulator.Build.0 = Release|Any CPU
		{D1245135-EA42-4A64-861A-C35B383C6F05}.Ad-Hoc|x64.ActiveCfg = Release|Any CPU
		{D1245135-EA42-4A64-861A-C35B383C6F05}.Ad-Hoc|x64.Build.0 = Release|Any CPU
		{D1245135-EA42-4A64-861A-C35B383C6F05}.Ad-Hoc|x86.ActiveCfg = Release|Any CPU
		{D1245135-EA42-4A64-861A-C35B383C6F05}.Ad-Hoc|x86.Build.0 = Release|Any CPU
		{D1245135-EA42-4A64-861A-C35B383C6F05}.AppStore|Any CPU.ActiveCfg = Release|Any CPU
		{D1245135-EA42-4A64-861A-C35B383C6F05}.AppStore|Any CPU.Build.0 = Release|Any CPU
		{D1245135-EA42-4A64-861A-C35B383C6F05}.AppStore|ARM.ActiveCfg = Release|Any CPU
		{D1245135-EA42-4A64-861A-C35B383C6F05}.AppStore|ARM.Build.0 = Release|Any CPU
		{D1245135-EA42-4A64-861A-C35B383C6F05}.AppStore|iPhone.ActiveCfg = Release|Any CPU
		{D1245135-EA42-4A64-861A-C35B383C6F05}.AppStore|iPhone.Build.0 = Release|Any CPU
		{D1245135-EA42-4A64-861A-C35B383C6F05}.AppStore|iPhoneSimulator.ActiveCfg = Release|Any CPU
		{D1245135-EA42-4A64-861A-C35B383C6F05}.AppStore|iPhoneSimulator.Build.0 = Release|Any CPU
		{D1245135-EA42-4A64-861A-C35B383C6F05}.AppStore|x64.ActiveCfg = Release|Any CPU
		{D1245135-EA42-4A64-861A-C35B383C6F05}.AppStore|x64.Build.0 = Release|Any CPU
		{D1245135-EA42-4A64-861A-C35B383C6F05}.AppStore|x86.ActiveCfg = Release|Any CPU
		{D1245135-EA42-4A64-861A-C35B383C6F05}.AppStore|x86.Build.0 = Release|Any CPU
		{D1245135-EA42-4A64-861A-C35B383C6F05}.Debug|Any CPU.ActiveCfg = Debug|Any CPU
		{D1245135-EA42-4A64-861A-C35B383C6F05}.Debug|Any CPU.Build.0 = Debug|Any CPU
		{D1245135-EA42-4A64-861A-C35B383C6F05}.Debug|ARM.ActiveCfg = Debug|Any CPU
		{D1245135-EA42-4A64-861A-C35B383C6F05}.Debug|ARM.Build.0 = Debug|Any CPU
		{D1245135-EA42-4A64-861A-C35B383C6F05}.Debug|iPhone.ActiveCfg = Debug|Any CPU
		{D1245135-EA42-4A64-861A-C35B383C6F05}.Debug|iPhone.Build.0 = Debug|Any CPU
		{D1245135-EA42-4A64-861A-C35B383C6F05}.Debug|iPhoneSimulator.ActiveCfg = Debug|Any CPU
		{D1245135-EA42-4A64-861A-C35B383C6F05}.Debug|iPhoneSimulator.Build.0 = Debug|Any CPU
		{D1245135-EA42-4A64-861A-C35B383C6F05}.Debug|x64.ActiveCfg = Debug|Any CPU
		{D1245135-EA42-4A64-861A-C35B383C6F05}.Debug|x64.Build.0 = Debug|Any CPU
		{D1245135-EA42-4A64-861A-C35B383C6F05}.Debug|x86.ActiveCfg = Debug|Any CPU
		{D1245135-EA42-4A64-861A-C35B383C6F05}.Debug|x86.Build.0 = Debug|Any CPU
		{D1245135-EA42-4A64-861A-C35B383C6F05}.Release|Any CPU.ActiveCfg = Release|Any CPU
		{D1245135-EA42-4A64-861A-C35B383C6F05}.Release|Any CPU.Build.0 = Release|Any CPU
		{D1245135-EA42-4A64-861A-C35B383C6F05}.Release|ARM.ActiveCfg = Release|Any CPU
		{D1245135-EA42-4A64-861A-C35B383C6F05}.Release|ARM.Build.0 = Release|Any CPU
		{D1245135-EA42-4A64-861A-C35B383C6F05}.Release|iPhone.ActiveCfg = Release|Any CPU
		{D1245135-EA42-4A64-861A-C35B383C6F05}.Release|iPhone.Build.0 = Release|Any CPU
		{D1245135-EA42-4A64-861A-C35B383C6F05}.Release|iPhoneSimulator.ActiveCfg = Release|Any CPU
		{D1245135-EA42-4A64-861A-C35B383C6F05}.Release|iPhoneSimulator.Build.0 = Release|Any CPU
		{D1245135-EA42-4A64-861A-C35B383C6F05}.Release|x64.ActiveCfg = Release|Any CPU
		{D1245135-EA42-4A64-861A-C35B383C6F05}.Release|x64.Build.0 = Release|Any CPU
		{D1245135-EA42-4A64-861A-C35B383C6F05}.Release|x86.ActiveCfg = Release|Any CPU
		{D1245135-EA42-4A64-861A-C35B383C6F05}.Release|x86.Build.0 = Release|Any CPU
		{B55CBC9B-1EDD-4D80-84BE-941C501EC61B}.Ad-Hoc|Any CPU.ActiveCfg = Release|Any CPU
		{B55CBC9B-1EDD-4D80-84BE-941C501EC61B}.Ad-Hoc|Any CPU.Build.0 = Release|Any CPU
		{B55CBC9B-1EDD-4D80-84BE-941C501EC61B}.Ad-Hoc|Any CPU.Deploy.0 = Release|Any CPU
		{B55CBC9B-1EDD-4D80-84BE-941C501EC61B}.Ad-Hoc|ARM.ActiveCfg = Release|Any CPU
		{B55CBC9B-1EDD-4D80-84BE-941C501EC61B}.Ad-Hoc|ARM.Build.0 = Release|Any CPU
		{B55CBC9B-1EDD-4D80-84BE-941C501EC61B}.Ad-Hoc|ARM.Deploy.0 = Release|Any CPU
		{B55CBC9B-1EDD-4D80-84BE-941C501EC61B}.Ad-Hoc|iPhone.ActiveCfg = Release|Any CPU
		{B55CBC9B-1EDD-4D80-84BE-941C501EC61B}.Ad-Hoc|iPhone.Build.0 = Release|Any CPU
		{B55CBC9B-1EDD-4D80-84BE-941C501EC61B}.Ad-Hoc|iPhone.Deploy.0 = Release|Any CPU
		{B55CBC9B-1EDD-4D80-84BE-941C501EC61B}.Ad-Hoc|iPhoneSimulator.ActiveCfg = Release|Any CPU
		{B55CBC9B-1EDD-4D80-84BE-941C501EC61B}.Ad-Hoc|iPhoneSimulator.Build.0 = Release|Any CPU
		{B55CBC9B-1EDD-4D80-84BE-941C501EC61B}.Ad-Hoc|iPhoneSimulator.Deploy.0 = Release|Any CPU
		{B55CBC9B-1EDD-4D80-84BE-941C501EC61B}.Ad-Hoc|x64.ActiveCfg = Release|Any CPU
		{B55CBC9B-1EDD-4D80-84BE-941C501EC61B}.Ad-Hoc|x64.Build.0 = Release|Any CPU
		{B55CBC9B-1EDD-4D80-84BE-941C501EC61B}.Ad-Hoc|x64.Deploy.0 = Release|Any CPU
		{B55CBC9B-1EDD-4D80-84BE-941C501EC61B}.Ad-Hoc|x86.ActiveCfg = Release|Any CPU
		{B55CBC9B-1EDD-4D80-84BE-941C501EC61B}.Ad-Hoc|x86.Build.0 = Release|Any CPU
		{B55CBC9B-1EDD-4D80-84BE-941C501EC61B}.Ad-Hoc|x86.Deploy.0 = Release|Any CPU
		{B55CBC9B-1EDD-4D80-84BE-941C501EC61B}.AppStore|Any CPU.ActiveCfg = Release|Any CPU
		{B55CBC9B-1EDD-4D80-84BE-941C501EC61B}.AppStore|Any CPU.Build.0 = Release|Any CPU
		{B55CBC9B-1EDD-4D80-84BE-941C501EC61B}.AppStore|Any CPU.Deploy.0 = Release|Any CPU
		{B55CBC9B-1EDD-4D80-84BE-941C501EC61B}.AppStore|ARM.ActiveCfg = Release|Any CPU
		{B55CBC9B-1EDD-4D80-84BE-941C501EC61B}.AppStore|ARM.Build.0 = Release|Any CPU
		{B55CBC9B-1EDD-4D80-84BE-941C501EC61B}.AppStore|ARM.Deploy.0 = Release|Any CPU
		{B55CBC9B-1EDD-4D80-84BE-941C501EC61B}.AppStore|iPhone.ActiveCfg = Release|Any CPU
		{B55CBC9B-1EDD-4D80-84BE-941C501EC61B}.AppStore|iPhone.Build.0 = Release|Any CPU
		{B55CBC9B-1EDD-4D80-84BE-941C501EC61B}.AppStore|iPhone.Deploy.0 = Release|Any CPU
		{B55CBC9B-1EDD-4D80-84BE-941C501EC61B}.AppStore|iPhoneSimulator.ActiveCfg = Release|Any CPU
		{B55CBC9B-1EDD-4D80-84BE-941C501EC61B}.AppStore|iPhoneSimulator.Build.0 = Release|Any CPU
		{B55CBC9B-1EDD-4D80-84BE-941C501EC61B}.AppStore|iPhoneSimulator.Deploy.0 = Release|Any CPU
		{B55CBC9B-1EDD-4D80-84BE-941C501EC61B}.AppStore|x64.ActiveCfg = Release|Any CPU
		{B55CBC9B-1EDD-4D80-84BE-941C501EC61B}.AppStore|x64.Build.0 = Release|Any CPU
		{B55CBC9B-1EDD-4D80-84BE-941C501EC61B}.AppStore|x64.Deploy.0 = Release|Any CPU
		{B55CBC9B-1EDD-4D80-84BE-941C501EC61B}.AppStore|x86.ActiveCfg = Release|Any CPU
		{B55CBC9B-1EDD-4D80-84BE-941C501EC61B}.AppStore|x86.Build.0 = Release|Any CPU
		{B55CBC9B-1EDD-4D80-84BE-941C501EC61B}.AppStore|x86.Deploy.0 = Release|Any CPU
		{B55CBC9B-1EDD-4D80-84BE-941C501EC61B}.Debug|Any CPU.ActiveCfg = Debug|Any CPU
		{B55CBC9B-1EDD-4D80-84BE-941C501EC61B}.Debug|Any CPU.Build.0 = Debug|Any CPU
		{B55CBC9B-1EDD-4D80-84BE-941C501EC61B}.Debug|Any CPU.Deploy.0 = Debug|Any CPU
		{B55CBC9B-1EDD-4D80-84BE-941C501EC61B}.Debug|ARM.ActiveCfg = Debug|Any CPU
		{B55CBC9B-1EDD-4D80-84BE-941C501EC61B}.Debug|ARM.Build.0 = Debug|Any CPU
		{B55CBC9B-1EDD-4D80-84BE-941C501EC61B}.Debug|ARM.Deploy.0 = Debug|Any CPU
		{B55CBC9B-1EDD-4D80-84BE-941C501EC61B}.Debug|iPhone.ActiveCfg = Debug|Any CPU
		{B55CBC9B-1EDD-4D80-84BE-941C501EC61B}.Debug|iPhone.Build.0 = Debug|Any CPU
		{B55CBC9B-1EDD-4D80-84BE-941C501EC61B}.Debug|iPhone.Deploy.0 = Debug|Any CPU
		{B55CBC9B-1EDD-4D80-84BE-941C501EC61B}.Debug|iPhoneSimulator.ActiveCfg = Debug|Any CPU
		{B55CBC9B-1EDD-4D80-84BE-941C501EC61B}.Debug|iPhoneSimulator.Build.0 = Debug|Any CPU
		{B55CBC9B-1EDD-4D80-84BE-941C501EC61B}.Debug|iPhoneSimulator.Deploy.0 = Debug|Any CPU
		{B55CBC9B-1EDD-4D80-84BE-941C501EC61B}.Debug|x64.ActiveCfg = Debug|Any CPU
		{B55CBC9B-1EDD-4D80-84BE-941C501EC61B}.Debug|x64.Build.0 = Debug|Any CPU
		{B55CBC9B-1EDD-4D80-84BE-941C501EC61B}.Debug|x64.Deploy.0 = Debug|Any CPU
		{B55CBC9B-1EDD-4D80-84BE-941C501EC61B}.Debug|x86.ActiveCfg = Debug|Any CPU
		{B55CBC9B-1EDD-4D80-84BE-941C501EC61B}.Debug|x86.Build.0 = Debug|Any CPU
		{B55CBC9B-1EDD-4D80-84BE-941C501EC61B}.Debug|x86.Deploy.0 = Debug|Any CPU
		{B55CBC9B-1EDD-4D80-84BE-941C501EC61B}.Release|Any CPU.ActiveCfg = Release|Any CPU
		{B55CBC9B-1EDD-4D80-84BE-941C501EC61B}.Release|Any CPU.Build.0 = Release|Any CPU
		{B55CBC9B-1EDD-4D80-84BE-941C501EC61B}.Release|Any CPU.Deploy.0 = Release|Any CPU
		{B55CBC9B-1EDD-4D80-84BE-941C501EC61B}.Release|ARM.ActiveCfg = Release|Any CPU
		{B55CBC9B-1EDD-4D80-84BE-941C501EC61B}.Release|ARM.Build.0 = Release|Any CPU
		{B55CBC9B-1EDD-4D80-84BE-941C501EC61B}.Release|ARM.Deploy.0 = Release|Any CPU
		{B55CBC9B-1EDD-4D80-84BE-941C501EC61B}.Release|iPhone.ActiveCfg = Release|Any CPU
		{B55CBC9B-1EDD-4D80-84BE-941C501EC61B}.Release|iPhone.Build.0 = Release|Any CPU
		{B55CBC9B-1EDD-4D80-84BE-941C501EC61B}.Release|iPhone.Deploy.0 = Release|Any CPU
		{B55CBC9B-1EDD-4D80-84BE-941C501EC61B}.Release|iPhoneSimulator.ActiveCfg = Release|Any CPU
		{B55CBC9B-1EDD-4D80-84BE-941C501EC61B}.Release|iPhoneSimulator.Build.0 = Release|Any CPU
		{B55CBC9B-1EDD-4D80-84BE-941C501EC61B}.Release|iPhoneSimulator.Deploy.0 = Release|Any CPU
		{B55CBC9B-1EDD-4D80-84BE-941C501EC61B}.Release|x64.ActiveCfg = Release|Any CPU
		{B55CBC9B-1EDD-4D80-84BE-941C501EC61B}.Release|x64.Build.0 = Release|Any CPU
		{B55CBC9B-1EDD-4D80-84BE-941C501EC61B}.Release|x64.Deploy.0 = Release|Any CPU
		{B55CBC9B-1EDD-4D80-84BE-941C501EC61B}.Release|x86.ActiveCfg = Release|Any CPU
		{B55CBC9B-1EDD-4D80-84BE-941C501EC61B}.Release|x86.Build.0 = Release|Any CPU
		{B55CBC9B-1EDD-4D80-84BE-941C501EC61B}.Release|x86.Deploy.0 = Release|Any CPU
		{8E2A99B9-4EDB-4A38-BDD8-4F9733DB8065}.Ad-Hoc|Any CPU.ActiveCfg = Ad-Hoc|iPhone
		{8E2A99B9-4EDB-4A38-BDD8-4F9733DB8065}.Ad-Hoc|ARM.ActiveCfg = Ad-Hoc|iPhone
		{8E2A99B9-4EDB-4A38-BDD8-4F9733DB8065}.Ad-Hoc|iPhone.ActiveCfg = Ad-Hoc|iPhone
		{8E2A99B9-4EDB-4A38-BDD8-4F9733DB8065}.Ad-Hoc|iPhone.Build.0 = Ad-Hoc|iPhone
		{8E2A99B9-4EDB-4A38-BDD8-4F9733DB8065}.Ad-Hoc|iPhoneSimulator.ActiveCfg = Ad-Hoc|iPhoneSimulator
		{8E2A99B9-4EDB-4A38-BDD8-4F9733DB8065}.Ad-Hoc|iPhoneSimulator.Build.0 = Ad-Hoc|iPhoneSimulator
		{8E2A99B9-4EDB-4A38-BDD8-4F9733DB8065}.Ad-Hoc|x64.ActiveCfg = Ad-Hoc|iPhone
		{8E2A99B9-4EDB-4A38-BDD8-4F9733DB8065}.Ad-Hoc|x86.ActiveCfg = Ad-Hoc|iPhone
		{8E2A99B9-4EDB-4A38-BDD8-4F9733DB8065}.AppStore|Any CPU.ActiveCfg = AppStore|iPhone
		{8E2A99B9-4EDB-4A38-BDD8-4F9733DB8065}.AppStore|ARM.ActiveCfg = AppStore|iPhone
		{8E2A99B9-4EDB-4A38-BDD8-4F9733DB8065}.AppStore|iPhone.ActiveCfg = AppStore|iPhone
		{8E2A99B9-4EDB-4A38-BDD8-4F9733DB8065}.AppStore|iPhone.Build.0 = AppStore|iPhone
		{8E2A99B9-4EDB-4A38-BDD8-4F9733DB8065}.AppStore|iPhoneSimulator.ActiveCfg = AppStore|iPhoneSimulator
		{8E2A99B9-4EDB-4A38-BDD8-4F9733DB8065}.AppStore|iPhoneSimulator.Build.0 = AppStore|iPhoneSimulator
		{8E2A99B9-4EDB-4A38-BDD8-4F9733DB8065}.AppStore|x64.ActiveCfg = AppStore|iPhone
		{8E2A99B9-4EDB-4A38-BDD8-4F9733DB8065}.AppStore|x86.ActiveCfg = AppStore|iPhone
		{8E2A99B9-4EDB-4A38-BDD8-4F9733DB8065}.Debug|Any CPU.ActiveCfg = Debug|iPhone
		{8E2A99B9-4EDB-4A38-BDD8-4F9733DB8065}.Debug|ARM.ActiveCfg = Debug|iPhone
		{8E2A99B9-4EDB-4A38-BDD8-4F9733DB8065}.Debug|iPhone.ActiveCfg = Debug|iPhone
		{8E2A99B9-4EDB-4A38-BDD8-4F9733DB8065}.Debug|iPhone.Build.0 = Debug|iPhone
		{8E2A99B9-4EDB-4A38-BDD8-4F9733DB8065}.Debug|iPhoneSimulator.ActiveCfg = Debug|iPhoneSimulator
		{8E2A99B9-4EDB-4A38-BDD8-4F9733DB8065}.Debug|iPhoneSimulator.Build.0 = Debug|iPhoneSimulator
		{8E2A99B9-4EDB-4A38-BDD8-4F9733DB8065}.Debug|x64.ActiveCfg = Debug|iPhone
		{8E2A99B9-4EDB-4A38-BDD8-4F9733DB8065}.Debug|x86.ActiveCfg = Debug|iPhone
		{8E2A99B9-4EDB-4A38-BDD8-4F9733DB8065}.Release|Any CPU.ActiveCfg = Release|iPhone
		{8E2A99B9-4EDB-4A38-BDD8-4F9733DB8065}.Release|ARM.ActiveCfg = Release|iPhone
		{8E2A99B9-4EDB-4A38-BDD8-4F9733DB8065}.Release|iPhone.ActiveCfg = Release|iPhone
		{8E2A99B9-4EDB-4A38-BDD8-4F9733DB8065}.Release|iPhone.Build.0 = Release|iPhone
		{8E2A99B9-4EDB-4A38-BDD8-4F9733DB8065}.Release|iPhoneSimulator.ActiveCfg = Release|iPhoneSimulator
		{8E2A99B9-4EDB-4A38-BDD8-4F9733DB8065}.Release|iPhoneSimulator.Build.0 = Release|iPhoneSimulator
		{8E2A99B9-4EDB-4A38-BDD8-4F9733DB8065}.Release|x64.ActiveCfg = Release|iPhone
		{8E2A99B9-4EDB-4A38-BDD8-4F9733DB8065}.Release|x86.ActiveCfg = Release|iPhone
		{0533D9A3-EAAD-4F16-81C6-6B011B57466E}.Ad-Hoc|Any CPU.ActiveCfg = Release|x86
		{0533D9A3-EAAD-4F16-81C6-6B011B57466E}.Ad-Hoc|Any CPU.Build.0 = Release|x86
		{0533D9A3-EAAD-4F16-81C6-6B011B57466E}.Ad-Hoc|Any CPU.Deploy.0 = Release|x86
		{0533D9A3-EAAD-4F16-81C6-6B011B57466E}.Ad-Hoc|ARM.ActiveCfg = Release|ARM
		{0533D9A3-EAAD-4F16-81C6-6B011B57466E}.Ad-Hoc|ARM.Build.0 = Release|ARM
		{0533D9A3-EAAD-4F16-81C6-6B011B57466E}.Ad-Hoc|ARM.Deploy.0 = Release|ARM
		{0533D9A3-EAAD-4F16-81C6-6B011B57466E}.Ad-Hoc|iPhone.ActiveCfg = Release|x86
		{0533D9A3-EAAD-4F16-81C6-6B011B57466E}.Ad-Hoc|iPhone.Build.0 = Release|x86
		{0533D9A3-EAAD-4F16-81C6-6B011B57466E}.Ad-Hoc|iPhone.Deploy.0 = Release|x86
		{0533D9A3-EAAD-4F16-81C6-6B011B57466E}.Ad-Hoc|iPhoneSimulator.ActiveCfg = Release|x86
		{0533D9A3-EAAD-4F16-81C6-6B011B57466E}.Ad-Hoc|iPhoneSimulator.Build.0 = Release|x86
		{0533D9A3-EAAD-4F16-81C6-6B011B57466E}.Ad-Hoc|iPhoneSimulator.Deploy.0 = Release|x86
		{0533D9A3-EAAD-4F16-81C6-6B011B57466E}.Ad-Hoc|x64.ActiveCfg = Release|x64
		{0533D9A3-EAAD-4F16-81C6-6B011B57466E}.Ad-Hoc|x64.Build.0 = Release|x64
		{0533D9A3-EAAD-4F16-81C6-6B011B57466E}.Ad-Hoc|x64.Deploy.0 = Release|x64
		{0533D9A3-EAAD-4F16-81C6-6B011B57466E}.Ad-Hoc|x86.ActiveCfg = Release|x86
		{0533D9A3-EAAD-4F16-81C6-6B011B57466E}.Ad-Hoc|x86.Build.0 = Release|x86
		{0533D9A3-EAAD-4F16-81C6-6B011B57466E}.Ad-Hoc|x86.Deploy.0 = Release|x86
		{0533D9A3-EAAD-4F16-81C6-6B011B57466E}.AppStore|Any CPU.ActiveCfg = Release|x86
		{0533D9A3-EAAD-4F16-81C6-6B011B57466E}.AppStore|Any CPU.Build.0 = Release|x86
		{0533D9A3-EAAD-4F16-81C6-6B011B57466E}.AppStore|Any CPU.Deploy.0 = Release|x86
		{0533D9A3-EAAD-4F16-81C6-6B011B57466E}.AppStore|ARM.ActiveCfg = Release|ARM
		{0533D9A3-EAAD-4F16-81C6-6B011B57466E}.AppStore|ARM.Build.0 = Release|ARM
		{0533D9A3-EAAD-4F16-81C6-6B011B57466E}.AppStore|ARM.Deploy.0 = Release|ARM
		{0533D9A3-EAAD-4F16-81C6-6B011B57466E}.AppStore|iPhone.ActiveCfg = Release|x86
		{0533D9A3-EAAD-4F16-81C6-6B011B57466E}.AppStore|iPhone.Build.0 = Release|x86
		{0533D9A3-EAAD-4F16-81C6-6B011B57466E}.AppStore|iPhone.Deploy.0 = Release|x86
		{0533D9A3-EAAD-4F16-81C6-6B011B57466E}.AppStore|iPhoneSimulator.ActiveCfg = Release|x86
		{0533D9A3-EAAD-4F16-81C6-6B011B57466E}.AppStore|iPhoneSimulator.Build.0 = Release|x86
		{0533D9A3-EAAD-4F16-81C6-6B011B57466E}.AppStore|iPhoneSimulator.Deploy.0 = Release|x86
		{0533D9A3-EAAD-4F16-81C6-6B011B57466E}.AppStore|x64.ActiveCfg = Release|x64
		{0533D9A3-EAAD-4F16-81C6-6B011B57466E}.AppStore|x64.Build.0 = Release|x64
		{0533D9A3-EAAD-4F16-81C6-6B011B57466E}.AppStore|x64.Deploy.0 = Release|x64
		{0533D9A3-EAAD-4F16-81C6-6B011B57466E}.AppStore|x86.ActiveCfg = Release|x86
		{0533D9A3-EAAD-4F16-81C6-6B011B57466E}.AppStore|x86.Build.0 = Release|x86
		{0533D9A3-EAAD-4F16-81C6-6B011B57466E}.AppStore|x86.Deploy.0 = Release|x86
		{0533D9A3-EAAD-4F16-81C6-6B011B57466E}.Debug|Any CPU.ActiveCfg = Debug|x86
		{0533D9A3-EAAD-4F16-81C6-6B011B57466E}.Debug|ARM.ActiveCfg = Debug|ARM
		{0533D9A3-EAAD-4F16-81C6-6B011B57466E}.Debug|ARM.Build.0 = Debug|ARM
		{0533D9A3-EAAD-4F16-81C6-6B011B57466E}.Debug|ARM.Deploy.0 = Debug|ARM
		{0533D9A3-EAAD-4F16-81C6-6B011B57466E}.Debug|iPhone.ActiveCfg = Debug|x86
		{0533D9A3-EAAD-4F16-81C6-6B011B57466E}.Debug|iPhoneSimulator.ActiveCfg = Debug|x86
		{0533D9A3-EAAD-4F16-81C6-6B011B57466E}.Debug|x64.ActiveCfg = Debug|x64
		{0533D9A3-EAAD-4F16-81C6-6B011B57466E}.Debug|x64.Build.0 = Debug|x64
		{0533D9A3-EAAD-4F16-81C6-6B011B57466E}.Debug|x64.Deploy.0 = Debug|x64
		{0533D9A3-EAAD-4F16-81C6-6B011B57466E}.Debug|x86.ActiveCfg = Debug|x86
		{0533D9A3-EAAD-4F16-81C6-6B011B57466E}.Debug|x86.Build.0 = Debug|x86
		{0533D9A3-EAAD-4F16-81C6-6B011B57466E}.Debug|x86.Deploy.0 = Debug|x86
		{0533D9A3-EAAD-4F16-81C6-6B011B57466E}.Release|Any CPU.ActiveCfg = Release|x86
		{0533D9A3-EAAD-4F16-81C6-6B011B57466E}.Release|ARM.ActiveCfg = Release|ARM
		{0533D9A3-EAAD-4F16-81C6-6B011B57466E}.Release|ARM.Build.0 = Release|ARM
		{0533D9A3-EAAD-4F16-81C6-6B011B57466E}.Release|ARM.Deploy.0 = Release|ARM
		{0533D9A3-EAAD-4F16-81C6-6B011B57466E}.Release|iPhone.ActiveCfg = Release|x86
		{0533D9A3-EAAD-4F16-81C6-6B011B57466E}.Release|iPhoneSimulator.ActiveCfg = Release|x86
		{0533D9A3-EAAD-4F16-81C6-6B011B57466E}.Release|x64.ActiveCfg = Release|x64
		{0533D9A3-EAAD-4F16-81C6-6B011B57466E}.Release|x64.Build.0 = Release|x64
		{0533D9A3-EAAD-4F16-81C6-6B011B57466E}.Release|x64.Deploy.0 = Release|x64
		{0533D9A3-EAAD-4F16-81C6-6B011B57466E}.Release|x86.ActiveCfg = Release|x86
		{0533D9A3-EAAD-4F16-81C6-6B011B57466E}.Release|x86.Build.0 = Release|x86
		{0533D9A3-EAAD-4F16-81C6-6B011B57466E}.Release|x86.Deploy.0 = Release|x86
		{5710F2DF-0F90-433D-A24B-BDAA819ABFDB}.Ad-Hoc|Any CPU.ActiveCfg = Debug|Any CPU
		{5710F2DF-0F90-433D-A24B-BDAA819ABFDB}.Ad-Hoc|Any CPU.Build.0 = Debug|Any CPU
		{5710F2DF-0F90-433D-A24B-BDAA819ABFDB}.Ad-Hoc|ARM.ActiveCfg = Debug|Any CPU
		{5710F2DF-0F90-433D-A24B-BDAA819ABFDB}.Ad-Hoc|ARM.Build.0 = Debug|Any CPU
		{5710F2DF-0F90-433D-A24B-BDAA819ABFDB}.Ad-Hoc|iPhone.ActiveCfg = Debug|Any CPU
		{5710F2DF-0F90-433D-A24B-BDAA819ABFDB}.Ad-Hoc|iPhone.Build.0 = Debug|Any CPU
		{5710F2DF-0F90-433D-A24B-BDAA819ABFDB}.Ad-Hoc|iPhoneSimulator.ActiveCfg = Debug|Any CPU
		{5710F2DF-0F90-433D-A24B-BDAA819ABFDB}.Ad-Hoc|iPhoneSimulator.Build.0 = Debug|Any CPU
		{5710F2DF-0F90-433D-A24B-BDAA819ABFDB}.Ad-Hoc|x64.ActiveCfg = Debug|Any CPU
		{5710F2DF-0F90-433D-A24B-BDAA819ABFDB}.Ad-Hoc|x64.Build.0 = Debug|Any CPU
		{5710F2DF-0F90-433D-A24B-BDAA819ABFDB}.Ad-Hoc|x86.ActiveCfg = Debug|Any CPU
		{5710F2DF-0F90-433D-A24B-BDAA819ABFDB}.Ad-Hoc|x86.Build.0 = Debug|Any CPU
		{5710F2DF-0F90-433D-A24B-BDAA819ABFDB}.AppStore|Any CPU.ActiveCfg = Debug|Any CPU
		{5710F2DF-0F90-433D-A24B-BDAA819ABFDB}.AppStore|Any CPU.Build.0 = Debug|Any CPU
		{5710F2DF-0F90-433D-A24B-BDAA819ABFDB}.AppStore|ARM.ActiveCfg = Debug|Any CPU
		{5710F2DF-0F90-433D-A24B-BDAA819ABFDB}.AppStore|ARM.Build.0 = Debug|Any CPU
		{5710F2DF-0F90-433D-A24B-BDAA819ABFDB}.AppStore|iPhone.ActiveCfg = Debug|Any CPU
		{5710F2DF-0F90-433D-A24B-BDAA819ABFDB}.AppStore|iPhone.Build.0 = Debug|Any CPU
		{5710F2DF-0F90-433D-A24B-BDAA819ABFDB}.AppStore|iPhoneSimulator.ActiveCfg = Debug|Any CPU
		{5710F2DF-0F90-433D-A24B-BDAA819ABFDB}.AppStore|iPhoneSimulator.Build.0 = Debug|Any CPU
		{5710F2DF-0F90-433D-A24B-BDAA819ABFDB}.AppStore|x64.ActiveCfg = Debug|Any CPU
		{5710F2DF-0F90-433D-A24B-BDAA819ABFDB}.AppStore|x64.Build.0 = Debug|Any CPU
		{5710F2DF-0F90-433D-A24B-BDAA819ABFDB}.AppStore|x86.ActiveCfg = Debug|Any CPU
		{5710F2DF-0F90-433D-A24B-BDAA819ABFDB}.AppStore|x86.Build.0 = Debug|Any CPU
		{5710F2DF-0F90-433D-A24B-BDAA819ABFDB}.Debug|Any CPU.ActiveCfg = Debug|Any CPU
		{5710F2DF-0F90-433D-A24B-BDAA819ABFDB}.Debug|Any CPU.Build.0 = Debug|Any CPU
		{5710F2DF-0F90-433D-A24B-BDAA819ABFDB}.Debug|ARM.ActiveCfg = Debug|Any CPU
		{5710F2DF-0F90-433D-A24B-BDAA819ABFDB}.Debug|ARM.Build.0 = Debug|Any CPU
		{5710F2DF-0F90-433D-A24B-BDAA819ABFDB}.Debug|iPhone.ActiveCfg = Debug|Any CPU
		{5710F2DF-0F90-433D-A24B-BDAA819ABFDB}.Debug|iPhone.Build.0 = Debug|Any CPU
		{5710F2DF-0F90-433D-A24B-BDAA819ABFDB}.Debug|iPhoneSimulator.ActiveCfg = Debug|Any CPU
		{5710F2DF-0F90-433D-A24B-BDAA819ABFDB}.Debug|iPhoneSimulator.Build.0 = Debug|Any CPU
		{5710F2DF-0F90-433D-A24B-BDAA819ABFDB}.Debug|x64.ActiveCfg = Debug|Any CPU
		{5710F2DF-0F90-433D-A24B-BDAA819ABFDB}.Debug|x64.Build.0 = Debug|Any CPU
		{5710F2DF-0F90-433D-A24B-BDAA819ABFDB}.Debug|x86.ActiveCfg = Debug|Any CPU
		{5710F2DF-0F90-433D-A24B-BDAA819ABFDB}.Debug|x86.Build.0 = Debug|Any CPU
		{5710F2DF-0F90-433D-A24B-BDAA819ABFDB}.Release|Any CPU.ActiveCfg = Release|Any CPU
		{5710F2DF-0F90-433D-A24B-BDAA819ABFDB}.Release|Any CPU.Build.0 = Release|Any CPU
		{5710F2DF-0F90-433D-A24B-BDAA819ABFDB}.Release|ARM.ActiveCfg = Release|Any CPU
		{5710F2DF-0F90-433D-A24B-BDAA819ABFDB}.Release|ARM.Build.0 = Release|Any CPU
		{5710F2DF-0F90-433D-A24B-BDAA819ABFDB}.Release|iPhone.ActiveCfg = Release|Any CPU
		{5710F2DF-0F90-433D-A24B-BDAA819ABFDB}.Release|iPhone.Build.0 = Release|Any CPU
		{5710F2DF-0F90-433D-A24B-BDAA819ABFDB}.Release|iPhoneSimulator.ActiveCfg = Release|Any CPU
		{5710F2DF-0F90-433D-A24B-BDAA819ABFDB}.Release|iPhoneSimulator.Build.0 = Release|Any CPU
		{5710F2DF-0F90-433D-A24B-BDAA819ABFDB}.Release|x64.ActiveCfg = Release|Any CPU
		{5710F2DF-0F90-433D-A24B-BDAA819ABFDB}.Release|x64.Build.0 = Release|Any CPU
		{5710F2DF-0F90-433D-A24B-BDAA819ABFDB}.Release|x86.ActiveCfg = Release|Any CPU
		{5710F2DF-0F90-433D-A24B-BDAA819ABFDB}.Release|x86.Build.0 = Release|Any CPU
	EndGlobalSection
	GlobalSection(SolutionProperties) = preSolution
		HideSolutionNode = FALSE
	EndGlobalSection
	GlobalSection(NestedProjects) = preSolution
		{B55CBC9B-1EDD-4D80-84BE-941C501EC61B} = {93EBF8A0-864F-47C4-AEF8-4085C5665BB0}
		{8E2A99B9-4EDB-4A38-BDD8-4F9733DB8065} = {93EBF8A0-864F-47C4-AEF8-4085C5665BB0}
		{0533D9A3-EAAD-4F16-81C6-6B011B57466E} = {93EBF8A0-864F-47C4-AEF8-4085C5665BB0}
		{C56CDAD5-5BB6-41E4-8D72-F4AD530CC86D} = {93EBF8A0-864F-47C4-AEF8-4085C5665BB0}
	EndGlobalSection
	GlobalSection(ExtensibilityGlobals) = postSolution
		SolutionGuid = {1AE56C98-B133-41D9-9BE0-4C5521F392C5}
	EndGlobalSection
EndGlobal
