
Microsoft Visual Studio Solution File, Format Version 12.00
# Visual Studio 15
VisualStudioVersion = 15.0.26730.12
MinimumVisualStudioVersion = 10.0.40219.1
Project("{9A19103F-16F7-4668-BE54-9A1E7A4F7556}") = "TinyInsights", "TinyInsights\TinyInsights.csproj", "{90759FEA-89BF-450C-9482-F28F8B1A4C60}"
EndProject
Project("{9A19103F-16F7-4668-BE54-9A1E7A4F7556}") = "TinyInsights.AppCenter", "TinyInsights.AppCenter\TinyInsights.AppCenter.csproj", "{6DE2817F-D4F5-4351-BD18-EAB43806DAAF}"
EndProject
Project("{FAE04EC0-301F-11D3-BF4B-00C04F79EFBC}") = "TinyInsights.GoogleAnalytics", "TinyInsights.GoogleAnalytics\TinyInsights.GoogleAnalytics.csproj", "{D1245135-EA42-4A64-861A-C35B383C6F05}"
EndProject
Global
	GlobalSection(SolutionConfigurationPlatforms) = preSolution
		Debug|Any CPU = Debug|Any CPU
		Release|Any CPU = Release|Any CPU
	EndGlobalSection
	GlobalSection(ProjectConfigurationPlatforms) = postSolution
		{90759FEA-89BF-450C-9482-F28F8B1A4C60}.Debug|Any CPU.ActiveCfg = Debug|Any CPU
		{90759FEA-89BF-450C-9482-F28F8B1A4C60}.Debug|Any CPU.Build.0 = Debug|Any CPU
		{90759FEA-89BF-450C-9482-F28F8B1A4C60}.Release|Any CPU.ActiveCfg = Release|Any CPU
		{90759FEA-89BF-450C-9482-F28F8B1A4C60}.Release|Any CPU.Build.0 = Release|Any CPU
		{6DE2817F-D4F5-4351-BD18-EAB43806DAAF}.Debug|Any CPU.ActiveCfg = Debug|Any CPU
		{6DE2817F-D4F5-4351-BD18-EAB43806DAAF}.Debug|Any CPU.Build.0 = Debug|Any CPU
		{6DE2817F-D4F5-4351-BD18-EAB43806DAAF}.Release|Any CPU.ActiveCfg = Release|Any CPU
		{6DE2817F-D4F5-4351-BD18-EAB43806DAAF}.Release|Any CPU.Build.0 = Release|Any CPU
		{D1245135-EA42-4A64-861A-C35B383C6F05}.Debug|Any CPU.ActiveCfg = Debug|Any CPU
		{D1245135-EA42-4A64-861A-C35B383C6F05}.Debug|Any CPU.Build.0 = Debug|Any CPU
		{D1245135-EA42-4A64-861A-C35B383C6F05}.Release|Any CPU.ActiveCfg = Release|Any CPU
		{D1245135-EA42-4A64-861A-C35B383C6F05}.Release|Any CPU.Build.0 = Release|Any CPU
	EndGlobalSection
	GlobalSection(SolutionProperties) = preSolution
		HideSolutionNode = FALSE
	EndGlobalSection
	GlobalSection(ExtensibilityGlobals) = postSolution
		SolutionGuid = {1AE56C98-B133-41D9-9BE0-4C5521F392C5}
	EndGlobalSection
EndGlobal
